
Microsoft Visual Studio Solution File, Format Version 12.00
# Visual Studio Version 17
VisualStudioVersion = 17.6.33815.320
MinimumVisualStudioVersion = 10.0.40219.1
Project("{FAE04EC0-301F-11D3-BF4B-00C04F79EFBC}") = "IteracoesMicrosoft", "IteracoesMicrosoft.csproj", "{D49DD220-A02F-470D-AF05-CDABB2740A6B}"
EndProject
Project("{FAE04EC0-301F-11D3-BF4B-00C04F79EFBC}") = "DesafioFizzBuzz", "..\DesafioFizzBuzz\DesafioFizzBuzz.csproj", "{CAF9EADA-00A8-4689-8CF6-7ABC53329603}"
EndProject
Global
	GlobalSection(SolutionConfigurationPlatforms) = preSolution
		Debug|Any CPU = Debug|Any CPU
		Release|Any CPU = Release|Any CPU
	EndGlobalSection
	GlobalSection(ProjectConfigurationPlatforms) = postSolution
		{D49DD220-A02F-470D-AF05-CDABB2740A6B}.Debug|Any CPU.ActiveCfg = Debug|Any CPU
		{D49DD220-A02F-470D-AF05-CDABB2740A6B}.Debug|Any CPU.Build.0 = Debug|Any CPU
		{D49DD220-A02F-470D-AF05-CDABB2740A6B}.Release|Any CPU.ActiveCfg = Release|Any CPU
		{D49DD220-A02F-470D-AF05-CDABB2740A6B}.Release|Any CPU.Build.0 = Release|Any CPU
		{CAF9EADA-00A8-4689-8CF6-7ABC53329603}.Debug|Any CPU.ActiveCfg = Debug|Any CPU
		{CAF9EADA-00A8-4689-8CF6-7ABC53329603}.Debug|Any CPU.Build.0 = Debug|Any CPU
		{CAF9EADA-00A8-4689-8CF6-7ABC53329603}.Release|Any CPU.ActiveCfg = Release|Any CPU
		{CAF9EADA-00A8-4689-8CF6-7ABC53329603}.Release|Any CPU.Build.0 = Release|Any CPU
	EndGlobalSection
	GlobalSection(SolutionProperties) = preSolution
		HideSolutionNode = FALSE
	EndGlobalSection
	GlobalSection(ExtensibilityGlobals) = postSolution
		SolutionGuid = {FFCBFA5B-C1B0-4148-BD69-6C32DFEB8707}
	EndGlobalSection
EndGlobal
